
Microsoft Visual Studio Solution File, Format Version 12.00
# Visual Studio Version 16
VisualStudioVersion = 16.0.29806.167
MinimumVisualStudioVersion = 10.0.40219.1
Project("{FAE04EC0-301F-11D3-BF4B-00C04F79EFBC}") = "InterviewDemo", "InterviewDemo\InterviewDemo.csproj", "{6270849E-C5BE-4BAF-935B-C39B180172F1}"
EndProject
Global
	GlobalSection(SolutionConfigurationPlatforms) = preSolution
		Debug|Any CPU = Debug|Any CPU
		Release|Any CPU = Release|Any CPU
	EndGlobalSection
	GlobalSection(ProjectConfigurationPlatforms) = postSolution
		{6270849E-C5BE-4BAF-935B-C39B180172F1}.Debug|Any CPU.ActiveCfg = Debug|Any CPU
		{6270849E-C5BE-4BAF-935B-C39B180172F1}.Debug|Any CPU.Build.0 = Debug|Any CPU
		{6270849E-C5BE-4BAF-935B-C39B180172F1}.Release|Any CPU.ActiveCfg = Release|Any CPU
		{6270849E-C5BE-4BAF-935B-C39B180172F1}.Release|Any CPU.Build.0 = Release|Any CPU
	EndGlobalSection
	GlobalSection(SolutionProperties) = preSolution
		HideSolutionNode = FALSE
	EndGlobalSection
	GlobalSection(ExtensibilityGlobals) = postSolution
		SolutionGuid = {CD59F55E-1A5E-4011-85E0-A42A5F2B4136}
	EndGlobalSection
EndGlobal
